// !$*UTF8*$!
{
	archiveVersion = 1;
	classes = {
	};
	objectVersion = 50;
	objects = {

/* Begin PBXBuildFile section */
		27FE7A802463A0ED00A474F4 /* AppDelegate.swift in Sources */ = {isa = PBXBuildFile; fileRef = 27FE7A7F2463A0ED00A474F4 /* AppDelegate.swift */; };
		27FE7A822463A0ED00A474F4 /* SceneDelegate.swift in Sources */ = {isa = PBXBuildFile; fileRef = 27FE7A812463A0ED00A474F4 /* SceneDelegate.swift */; };
		27FE7A862463A0EE00A474F4 /* Assets.xcassets in Resources */ = {isa = PBXBuildFile; fileRef = 27FE7A852463A0EE00A474F4 /* Assets.xcassets */; };
		27FE7A892463A0EE00A474F4 /* Preview Assets.xcassets in Resources */ = {isa = PBXBuildFile; fileRef = 27FE7A882463A0EE00A474F4 /* Preview Assets.xcassets */; };
		27FE7A8C2463A0EE00A474F4 /* LaunchScreen.storyboard in Resources */ = {isa = PBXBuildFile; fileRef = 27FE7A8A2463A0EE00A474F4 /* LaunchScreen.storyboard */; };
		27FE7AE72463A80400A474F4 /* 8697cf1ely8gashxj3b09j20u00u040v.jpg in Resources */ = {isa = PBXBuildFile; fileRef = 27FE7A942463A80400A474F4 /* 8697cf1ely8gashxj3b09j20u00u040v.jpg */; };
		27FE7AE82463A80400A474F4 /* d0c21786ly1gavj2c0kcej20c8096dh7.jpg in Resources */ = {isa = PBXBuildFile; fileRef = 27FE7A952463A80400A474F4 /* d0c21786ly1gavj2c0kcej20c8096dh7.jpg */; };
		27FE7AE92463A80400A474F4 /* 6ec3b446jw1e8qgp5bmzyj2050050aa8.jpg in Resources */ = {isa = PBXBuildFile; fileRef = 27FE7A962463A80400A474F4 /* 6ec3b446jw1e8qgp5bmzyj2050050aa8.jpg */; };
		27FE7AEA2463A80400A474F4 /* 8a0b5544jw1e8qgp5bmzyj2050050aa8.jpg in Resources */ = {isa = PBXBuildFile; fileRef = 27FE7A972463A80400A474F4 /* 8a0b5544jw1e8qgp5bmzyj2050050aa8.jpg */; };
		27FE7AEB2463A80400A474F4 /* bca7fdafly1gax1gqdg6qj20c80avdgl.jpg in Resources */ = {isa = PBXBuildFile; fileRef = 27FE7A982463A80400A474F4 /* bca7fdafly1gax1gqdg6qj20c80avdgl.jpg */; };
		27FE7AEC2463A80400A474F4 /* 9dc7402fjw1e8qgp5bmzyj2050050aa8.jpg in Resources */ = {isa = PBXBuildFile; fileRef = 27FE7A992463A80400A474F4 /* 9dc7402fjw1e8qgp5bmzyj2050050aa8.jpg */; };
		27FE7AED2463A80400A474F4 /* eb5c94aegy1gav25n5ibjj20zk1h8wuu.jpg in Resources */ = {isa = PBXBuildFile; fileRef = 27FE7A9A2463A80400A474F4 /* eb5c94aegy1gav25n5ibjj20zk1h8wuu.jpg */; };
		27FE7AEE2463A80400A474F4 /* 006gWxMEly1gavap8dywoj30hs0bwq48.jpg in Resources */ = {isa = PBXBuildFile; fileRef = 27FE7A9B2463A80400A474F4 /* 006gWxMEly1gavap8dywoj30hs0bwq48.jpg */; };
		27FE7AEF2463A80400A474F4 /* 630584a6gy1gau54zl806j20m80etmzo.jpg in Resources */ = {isa = PBXBuildFile; fileRef = 27FE7A9C2463A80400A474F4 /* 630584a6gy1gau54zl806j20m80etmzo.jpg */; };
		27FE7AF02463A80400A474F4 /* 9dc7402fgy1gavd38wwlrj20j60nyq6y.jpg in Resources */ = {isa = PBXBuildFile; fileRef = 27FE7A9D2463A80400A474F4 /* 9dc7402fgy1gavd38wwlrj20j60nyq6y.jpg */; };
		27FE7AF12463A80400A474F4 /* 8a0b5544gy1gauy2flua6j20u00hitab.jpg in Resources */ = {isa = PBXBuildFile; fileRef = 27FE7A9E2463A80400A474F4 /* 8a0b5544gy1gauy2flua6j20u00hitab.jpg */; };
		27FE7AF22463A80400A474F4 /* 7f9147a5ly1fzxlh4ovuej20e90fl4fo.jpg in Resources */ = {isa = PBXBuildFile; fileRef = 27FE7A9F2463A80400A474F4 /* 7f9147a5ly1fzxlh4ovuej20e90fl4fo.jpg */; };
		27FE7AF32463A80400A474F4 /* 7f9147a5ly1fzxlgxgzpij20e90fltsj.jpg in Resources */ = {isa = PBXBuildFile; fileRef = 27FE7AA02463A80400A474F4 /* 7f9147a5ly1fzxlgxgzpij20e90fltsj.jpg */; };
		27FE7AF42463A80400A474F4 /* 76297935ly1gatz8obqvkj22c0340npe.jpg in Resources */ = {isa = PBXBuildFile; fileRef = 27FE7AA12463A80400A474F4 /* 76297935ly1gatz8obqvkj22c0340npe.jpg */; };
		27FE7AF52463A80400A474F4 /* d0c21786ly8fsax1ftiifj20ro0ro43g.jpg in Resources */ = {isa = PBXBuildFile; fileRef = 27FE7AA22463A80400A474F4 /* d0c21786ly8fsax1ftiifj20ro0ro43g.jpg */; };
		27FE7AF62463A80400A474F4 /* 9dc7402fgy1gavd38kqjtj20j60nyn1d.jpg in Resources */ = {isa = PBXBuildFile; fileRef = 27FE7AA32463A80400A474F4 /* 9dc7402fgy1gavd38kqjtj20j60nyn1d.jpg */; };
		27FE7AF72463A80400A474F4 /* 6a2afec3gy1gaulykcejqj20t5145wns.jpg in Resources */ = {isa = PBXBuildFile; fileRef = 27FE7AA42463A80400A474F4 /* 6a2afec3gy1gaulykcejqj20t5145wns.jpg */; };
		27FE7AF82463A80400A474F4 /* 4e7f0c83gy1gam2mp0x4pj22tc240u0x.jpg in Resources */ = {isa = PBXBuildFile; fileRef = 27FE7AA52463A80400A474F4 /* 4e7f0c83gy1gam2mp0x4pj22tc240u0x.jpg */; };
		27FE7AF92463A80400A474F4 /* c5aa834fgy1gauzrb7s5ej20tz13qh5x.jpg in Resources */ = {isa = PBXBuildFile; fileRef = 27FE7AA62463A80400A474F4 /* c5aa834fgy1gauzrb7s5ej20tz13qh5x.jpg */; };
		27FE7AFA2463A80400A474F4 /* 700a34f6gy1gaunswxtlrj20j60pkgok.jpg in Resources */ = {isa = PBXBuildFile; fileRef = 27FE7AA72463A80400A474F4 /* 700a34f6gy1gaunswxtlrj20j60pkgok.jpg */; };
		27FE7AFB2463A80400A474F4 /* 8a0b5544gy1gauy2ex786j20u0129aed.jpg in Resources */ = {isa = PBXBuildFile; fileRef = 27FE7AA82463A80400A474F4 /* 8a0b5544gy1gauy2ex786j20u0129aed.jpg */; };
		27FE7AFC2463A80400A474F4 /* 76297935ly1gatz89dzblj23402c0qv6.jpg in Resources */ = {isa = PBXBuildFile; fileRef = 27FE7AA92463A80400A474F4 /* 76297935ly1gatz89dzblj23402c0qv6.jpg */; };
		27FE7AFD2463A80400A474F4 /* 700a34f6gy1gaunswy5qnj20j60pkadk.jpg in Resources */ = {isa = PBXBuildFile; fileRef = 27FE7AAA2463A80400A474F4 /* 700a34f6gy1gaunswy5qnj20j60pkadk.jpg */; };
		27FE7AFE2463A80400A474F4 /* bca7fdafgw1ekhkps65b1j2050050dg4.jpg in Resources */ = {isa = PBXBuildFile; fileRef = 27FE7AAB2463A80400A474F4 /* bca7fdafgw1ekhkps65b1j2050050dg4.jpg */; };
		27FE7AFF2463A80400A474F4 /* PostListData_recommend_1.json in Resources */ = {isa = PBXBuildFile; fileRef = 27FE7AAC2463A80400A474F4 /* PostListData_recommend_1.json */; };
		27FE7B002463A80400A474F4 /* 006gWxMEly8g0bjpl3ynij30kv0kv773.jpg in Resources */ = {isa = PBXBuildFile; fileRef = 27FE7AAD2463A80400A474F4 /* 006gWxMEly8g0bjpl3ynij30kv0kv773.jpg */; };
		27FE7B012463A80400A474F4 /* 6ec3b446gy1gavd51jc4lj20j60pmwhl.jpg in Resources */ = {isa = PBXBuildFile; fileRef = 27FE7AAE2463A80400A474F4 /* 6ec3b446gy1gavd51jc4lj20j60pmwhl.jpg */; };
		27FE7B022463A80400A474F4 /* 006gWxMEly1gavap88gttj30hs0a0dgf.jpg in Resources */ = {isa = PBXBuildFile; fileRef = 27FE7AAF2463A80400A474F4 /* 006gWxMEly1gavap88gttj30hs0a0dgf.jpg */; };
		27FE7B032463A80400A474F4 /* 4e7f0c83gy1gam2ml6nucj22tc240kjl.jpg in Resources */ = {isa = PBXBuildFile; fileRef = 27FE7AB02463A80400A474F4 /* 4e7f0c83gy1gam2ml6nucj22tc240kjl.jpg */; };
		27FE7B042463A80400A474F4 /* 4e7f0c83gy1gam2misv31j21hc0u016k.jpg in Resources */ = {isa = PBXBuildFile; fileRef = 27FE7AB12463A80400A474F4 /* 4e7f0c83gy1gam2misv31j21hc0u016k.jpg */; };
		27FE7B052463A80400A474F4 /* 8a0b5544gy1gauy2gmkg9j20u00gegnp.jpg in Resources */ = {isa = PBXBuildFile; fileRef = 27FE7AB22463A80400A474F4 /* 8a0b5544gy1gauy2gmkg9j20u00gegnp.jpg */; };
		27FE7B062463A80400A474F4 /* 006gWxMEly1gavap8vsqaj30hs0bwgm6.jpg in Resources */ = {isa = PBXBuildFile; fileRef = 27FE7AB32463A80400A474F4 /* 006gWxMEly1gavap8vsqaj30hs0bwgm6.jpg */; };
		27FE7B072463A80400A474F4 /* 648ed25bjw8est9nqrtnij20500503yr.jpg in Resources */ = {isa = PBXBuildFile; fileRef = 27FE7AB42463A80400A474F4 /* 648ed25bjw8est9nqrtnij20500503yr.jpg */; };
		27FE7B082463A80400A474F4 /* eb5c94aegy1gav25ox6dvj20u00k1go9.jpg in Resources */ = {isa = PBXBuildFile; fileRef = 27FE7AB52463A80400A474F4 /* eb5c94aegy1gav25ox6dvj20u00k1go9.jpg */; };
		27FE7B092463A80400A474F4 /* 8a0b5544gy1gauy2g35yoj20u00fomzf.jpg in Resources */ = {isa = PBXBuildFile; fileRef = 27FE7AB62463A80400A474F4 /* 8a0b5544gy1gauy2g35yoj20u00fomzf.jpg */; };
		27FE7B0A2463A80400A474F4 /* 006PdkDoly8ffywe2fq39j304g04gwed.jpg in Resources */ = {isa = PBXBuildFile; fileRef = 27FE7AB72463A80400A474F4 /* 006PdkDoly8ffywe2fq39j304g04gwed.jpg */; };
		27FE7B0B2463A80400A474F4 /* 700a34f6gy1gaunsxgzixj20j60edmz8.jpg in Resources */ = {isa = PBXBuildFile; fileRef = 27FE7AB82463A80400A474F4 /* 700a34f6gy1gaunsxgzixj20j60edmz8.jpg */; };
		27FE7B0C2463A80400A474F4 /* bca7fdafly1gax1gqdnboj20c80atmxp.jpg in Resources */ = {isa = PBXBuildFile; fileRef = 27FE7AB92463A80400A474F4 /* bca7fdafly1gax1gqdnboj20c80atmxp.jpg */; };
		27FE7B0D2463A80400A474F4 /* c5aa834fgy1gauzr6venkj20u01hc12f.jpg in Resources */ = {isa = PBXBuildFile; fileRef = 27FE7ABA2463A80400A474F4 /* c5aa834fgy1gauzr6venkj20u01hc12f.jpg */; };
		27FE7B0E2463A80400A474F4 /* 7f9147a5ly1fzxlh6hzdnj20e90fl7me.jpg in Resources */ = {isa = PBXBuildFile; fileRef = 27FE7ABB2463A80400A474F4 /* 7f9147a5ly1fzxlh6hzdnj20e90fl7me.jpg */; };
		27FE7B0F2463A80400A474F4 /* 630584a6gy1gau54zm4dtj20m80dftbv.jpg in Resources */ = {isa = PBXBuildFile; fileRef = 27FE7ABC2463A80400A474F4 /* 630584a6gy1gau54zm4dtj20m80dftbv.jpg */; };
		27FE7B102463A80400A474F4 /* c5aa834fgy1gauzr86bp5j20pb0w47in.jpg in Resources */ = {isa = PBXBuildFile; fileRef = 27FE7ABD2463A80400A474F4 /* c5aa834fgy1gauzr86bp5j20pb0w47in.jpg */; };
		27FE7B112463A80400A474F4 /* 9dc7402fgy1gavd39ba15j20j60nywii.jpg in Resources */ = {isa = PBXBuildFile; fileRef = 27FE7ABE2463A80400A474F4 /* 9dc7402fgy1gavd39ba15j20j60nywii.jpg */; };
		27FE7B122463A80400A474F4 /* bca7fdafly1gax1gqfgsjj20c80axaay.jpg in Resources */ = {isa = PBXBuildFile; fileRef = 27FE7ABF2463A80400A474F4 /* bca7fdafly1gax1gqfgsjj20c80axaay.jpg */; };
		27FE7B132463A80400A474F4 /* c5aa834fly8g97m8ix9lcj20re0regnk.jpg in Resources */ = {isa = PBXBuildFile; fileRef = 27FE7AC02463A80400A474F4 /* c5aa834fly8g97m8ix9lcj20re0regnk.jpg */; };
		27FE7B142463A80400A474F4 /* 700a34f6ly8g9a29rjt92j20fn0iqdg8.jpg in Resources */ = {isa = PBXBuildFile; fileRef = 27FE7AC12463A80400A474F4 /* 700a34f6ly8g9a29rjt92j20fn0iqdg8.jpg */; };
		27FE7B152463A80400A474F4 /* d0c21786ly1gavj2cdrkyj20c80720tg.jpg in Resources */ = {isa = PBXBuildFile; fileRef = 27FE7AC22463A80400A474F4 /* d0c21786ly1gavj2cdrkyj20c80720tg.jpg */; };
		27FE7B162463A80400A474F4 /* bca7fdafly1gax1gqehdaj20c80atq3x.jpg in Resources */ = {isa = PBXBuildFile; fileRef = 27FE7AC32463A80400A474F4 /* bca7fdafly1gax1gqehdaj20c80atq3x.jpg */; };
		27FE7B172463A80400A474F4 /* d0c21786ly1gavj2d17d9j20c808zq3r.jpg in Resources */ = {isa = PBXBuildFile; fileRef = 27FE7AC42463A80400A474F4 /* d0c21786ly1gavj2d17d9j20c808zq3r.jpg */; };
		27FE7B182463A80400A474F4 /* 8a0b5544gy1gauy2gz000j20u00n6wgj.jpg in Resources */ = {isa = PBXBuildFile; fileRef = 27FE7AC52463A80400A474F4 /* 8a0b5544gy1gauy2gz000j20u00n6wgj.jpg */; };
		27FE7B192463A80400A474F4 /* 006PdkDogy1gap6ngj12ej30u011itf7.jpg in Resources */ = {isa = PBXBuildFile; fileRef = 27FE7AC62463A80400A474F4 /* 006PdkDogy1gap6ngj12ej30u011itf7.jpg */; };
		27FE7B1A2463A80400A474F4 /* 700a34f6gy1gaunsx2jywj20j60pkaeu.jpg in Resources */ = {isa = PBXBuildFile; fileRef = 27FE7AC72463A80400A474F4 /* 700a34f6gy1gaunsx2jywj20j60pkaeu.jpg */; };
		27FE7B1B2463A80400A474F4 /* 4e7f0c83gy1gam2mr1b81j22tc2407wi.jpg in Resources */ = {isa = PBXBuildFile; fileRef = 27FE7AC82463A80400A474F4 /* 4e7f0c83gy1gam2mr1b81j22tc2407wi.jpg */; };
		27FE7B1C2463A80400A474F4 /* 6a2afec3jw8fb4ld0qf2gj20e80dsdfz.jpg in Resources */ = {isa = PBXBuildFile; fileRef = 27FE7AC92463A80400A474F4 /* 6a2afec3jw8fb4ld0qf2gj20e80dsdfz.jpg */; };
		27FE7B1D2463A80400A474F4 /* bca7fdafly1gax1gqd9vmj20c80ayaam.jpg in Resources */ = {isa = PBXBuildFile; fileRef = 27FE7ACA2463A80400A474F4 /* bca7fdafly1gax1gqd9vmj20c80ayaam.jpg */; };
		27FE7B1E2463A80400A474F4 /* 8a0b5544gy1gauy2hcozsj20u01czdiy.jpg in Resources */ = {isa = PBXBuildFile; fileRef = 27FE7ACB2463A80400A474F4 /* 8a0b5544gy1gauy2hcozsj20u01czdiy.jpg */; };
		27FE7B1F2463A80400A474F4 /* c5aa834fgy1gauzr95r6fj20tw0l3dq4.jpg in Resources */ = {isa = PBXBuildFile; fileRef = 27FE7ACC2463A80400A474F4 /* c5aa834fgy1gauzr95r6fj20tw0l3dq4.jpg */; };
		27FE7B202463A80400A474F4 /* 006PdkDogy1gap6ngiyn3j30u011idle.jpg in Resources */ = {isa = PBXBuildFile; fileRef = 27FE7ACD2463A80400A474F4 /* 006PdkDogy1gap6ngiyn3j30u011idle.jpg */; };
		27FE7B212463A80400A474F4 /* d0c21786ly1gavj2btv6tj20c80790tg.jpg in Resources */ = {isa = PBXBuildFile; fileRef = 27FE7ACE2463A80400A474F4 /* d0c21786ly1gavj2btv6tj20c80790tg.jpg */; };
		27FE7B222463A80400A474F4 /* PostListData_hot_1.json in Resources */ = {isa = PBXBuildFile; fileRef = 27FE7ACF2463A80400A474F4 /* PostListData_hot_1.json */; };
		27FE7B232463A80400A474F4 /* eb5c94aely8fmvumnl9baj20v90v9q49.jpg in Resources */ = {isa = PBXBuildFile; fileRef = 27FE7AD02463A80400A474F4 /* eb5c94aely8fmvumnl9baj20v90v9q49.jpg */; };
		27FE7B242463A80400A474F4 /* 630584a6ly8fqs5wwkkmrj20ku0kuta7.jpg in Resources */ = {isa = PBXBuildFile; fileRef = 27FE7AD12463A80400A474F4 /* 630584a6ly8fqs5wwkkmrj20ku0kuta7.jpg */; };
		27FE7B252463A80400A474F4 /* d0c21786ly1gavj2cowp9j20c8083ab4.jpg in Resources */ = {isa = PBXBuildFile; fileRef = 27FE7AD22463A80400A474F4 /* d0c21786ly1gavj2cowp9j20c8083ab4.jpg */; };
		27FE7B262463A80400A474F4 /* 9dc7402fgy1gavd367p0pj20j60nywic.jpg in Resources */ = {isa = PBXBuildFile; fileRef = 27FE7AD32463A80400A474F4 /* 9dc7402fgy1gavd367p0pj20j60nywic.jpg */; };
		27FE7B272463A80400A474F4 /* 006gWxMEly1gavap86qr9j30ht0qo40t.jpg in Resources */ = {isa = PBXBuildFile; fileRef = 27FE7AD42463A80400A474F4 /* 006gWxMEly1gavap86qr9j30ht0qo40t.jpg */; };
		27FE7B282463A80400A474F4 /* 76297935ly1gatz8k5itij22c02c01ky.jpg in Resources */ = {isa = PBXBuildFile; fileRef = 27FE7AD52463A80400A474F4 /* 76297935ly1gatz8k5itij22c02c01ky.jpg */; };
		27FE7B292463A80400A474F4 /* 76297935ly1gatz8g5rvxj22c03401kz.jpg in Resources */ = {isa = PBXBuildFile; fileRef = 27FE7AD62463A80400A474F4 /* 76297935ly1gatz8g5rvxj22c03401kz.jpg */; };
		27FE7B2A2463A80400A474F4 /* 700a34f6gy1gaunsxhp4pj20j60pkn1k.jpg in Resources */ = {isa = PBXBuildFile; fileRef = 27FE7AD72463A80400A474F4 /* 700a34f6gy1gaunsxhp4pj20j60pkn1k.jpg */; };
		27FE7B2B2463A80400A474F4 /* eb5c94aegy1gav2509cp5j20zk0k0n2j.jpg in Resources */ = {isa = PBXBuildFile; fileRef = 27FE7AD82463A80400A474F4 /* eb5c94aegy1gav2509cp5j20zk0k0n2j.jpg */; };
		27FE7B2C2463A80400A474F4 /* 4e7f0c83gy1gam2mn58d3j22tc240qv5.jpg in Resources */ = {isa = PBXBuildFile; fileRef = 27FE7AD92463A80400A474F4 /* 4e7f0c83gy1gam2mn58d3j22tc240qv5.jpg */; };
		27FE7B2D2463A80400A474F4 /* eb5c94aegy1gav26fycwlj20zk1h8drh.jpg in Resources */ = {isa = PBXBuildFile; fileRef = 27FE7ADA2463A80400A474F4 /* eb5c94aegy1gav26fycwlj20zk1h8drh.jpg */; };
		27FE7B2E2463A80400A474F4 /* 630584a6gy1gau54zyj61j20m80etn07.jpg in Resources */ = {isa = PBXBuildFile; fileRef = 27FE7ADB2463A80400A474F4 /* 630584a6gy1gau54zyj61j20m80etn07.jpg */; };
		27FE7B2F2463A80400A474F4 /* c5aa834fgy1gauzr8ok78j20tz12fk8w.jpg in Resources */ = {isa = PBXBuildFile; fileRef = 27FE7ADC2463A80400A474F4 /* c5aa834fgy1gauzr8ok78j20tz12fk8w.jpg */; };
		27FE7B302463A80400A474F4 /* 76297935ly8g4phfkq68hj20u00u0mzt.jpg in Resources */ = {isa = PBXBuildFile; fileRef = 27FE7ADD2463A80400A474F4 /* 76297935ly8g4phfkq68hj20u00u0mzt.jpg */; };
		27FE7B312463A80400A474F4 /* 9dc7402fgy1gavd37l9nwj20j60ny44q.jpg in Resources */ = {isa = PBXBuildFile; fileRef = 27FE7ADE2463A80400A474F4 /* 9dc7402fgy1gavd37l9nwj20j60ny44q.jpg */; };
		27FE7B322463A80400A474F4 /* 700a34f6gy1gaunswwui7j20j60pl78e.jpg in Resources */ = {isa = PBXBuildFile; fileRef = 27FE7ADF2463A80400A474F4 /* 700a34f6gy1gaunswwui7j20j60pl78e.jpg */; };
		27FE7B332463A80400A474F4 /* 630584a6gy1gau54zgaxhj20m80et0vq.jpg in Resources */ = {isa = PBXBuildFile; fileRef = 27FE7AE02463A80400A474F4 /* 630584a6gy1gau54zgaxhj20m80et0vq.jpg */; };
		27FE7B342463A80400A474F4 /* 4e7f0c83gy1gam2mjhk8zj21hc0v6wnx.jpg in Resources */ = {isa = PBXBuildFile; fileRef = 27FE7AE12463A80400A474F4 /* 4e7f0c83gy1gam2mjhk8zj21hc0v6wnx.jpg */; };
		27FE7B352463A80400A474F4 /* 6ec3b446gy1gavd4xud8lj20j60qkwj0.jpg in Resources */ = {isa = PBXBuildFile; fileRef = 27FE7AE22463A80400A474F4 /* 6ec3b446gy1gavd4xud8lj20j60qkwj0.jpg */; };
		27FE7B362463A80400A474F4 /* 4e7f0c83ly8g1ho507078j20ro0rojtq.jpg in Resources */ = {isa = PBXBuildFile; fileRef = 27FE7AE32463A80400A474F4 /* 4e7f0c83ly8g1ho507078j20ro0rojtq.jpg */; };
		27FE7B372463A80400A474F4 /* bca7fdafly1gax1gqdhouj20c80axaam.jpg in Resources */ = {isa = PBXBuildFile; fileRef = 27FE7AE42463A80400A474F4 /* bca7fdafly1gax1gqdhouj20c80axaam.jpg */; };
		27FE7B382463A80400A474F4 /* 6ec3b446gy1gavd523embj20j60pytd6.jpg in Resources */ = {isa = PBXBuildFile; fileRef = 27FE7AE52463A80400A474F4 /* 6ec3b446gy1gavd523embj20j60pytd6.jpg */; };
		27FE7B392463A80400A474F4 /* 005tnxzUly8gab4i2r73xj30u00u0js8.jpg in Resources */ = {isa = PBXBuildFile; fileRef = 27FE7AE62463A80400A474F4 /* 005tnxzUly8gab4i2r73xj30u00u0js8.jpg */; };
		27FE7B3C2463B1CB00A474F4 /* VipView.swift in Sources */ = {isa = PBXBuildFile; fileRef = 27FE7B3B2463B1CB00A474F4 /* VipView.swift */; };
		27FE7B3E2463B6AB00A474F4 /* UserTitleView.swift in Sources */ = {isa = PBXBuildFile; fileRef = 27FE7B3D2463B6AB00A474F4 /* UserTitleView.swift */; };
		27FE7B412463B85F00A474F4 /* WeiboModel.swift in Sources */ = {isa = PBXBuildFile; fileRef = 27FE7B402463B85F00A474F4 /* WeiboModel.swift */; };
		27FE7B452463E55600A474F4 /* UserPostView.swift in Sources */ = {isa = PBXBuildFile; fileRef = 27FE7B442463E55600A474F4 /* UserPostView.swift */; };
		27FE7B472463EC6900A474F4 /* UserPostButton.swift in Sources */ = {isa = PBXBuildFile; fileRef = 27FE7B462463EC6900A474F4 /* UserPostButton.swift */; };
		27FE7B492463F8B100A474F4 /* PostCell.swift in Sources */ = {isa = PBXBuildFile; fileRef = 27FE7B482463F8B100A474F4 /* PostCell.swift */; };
		928789972465633100586C1B /* UserPostPicture.swift in Sources */ = {isa = PBXBuildFile; fileRef = 928789962465633100586C1B /* UserPostPicture.swift */; };
		92908C3624667E4D00C240E9 /* HomeVC.swift in Sources */ = {isa = PBXBuildFile; fileRef = 92908C3524667E4D00C240E9 /* HomeVC.swift */; };
		92908C3924668C6D00C240E9 /* DetailVC.swift in Sources */ = {isa = PBXBuildFile; fileRef = 92908C3824668C6D00C240E9 /* DetailVC.swift */; };
		92908C3C2466AABC00C240E9 /* RecommendVC.swift in Sources */ = {isa = PBXBuildFile; fileRef = 92908C3B2466AABC00C240E9 /* RecommendVC.swift */; };
		92908C3E2466B39500C240E9 /* NavigationBarTitle.swift in Sources */ = {isa = PBXBuildFile; fileRef = 92908C3D2466B39500C240E9 /* NavigationBarTitle.swift */; };
		92908C412466B7C400C240E9 /* HotVC.swift in Sources */ = {isa = PBXBuildFile; fileRef = 92908C402466B7C400C240E9 /* HotVC.swift */; };
/* End PBXBuildFile section */

/* Begin PBXFileReference section */
		27FE7A7C2463A0ED00A474F4 /* CoderChenWeiBo.app */ = {isa = PBXFileReference; explicitFileType = wrapper.application; includeInIndex = 0; path = CoderChenWeiBo.app; sourceTree = BUILT_PRODUCTS_DIR; };
		27FE7A7F2463A0ED00A474F4 /* AppDelegate.swift */ = {isa = PBXFileReference; lastKnownFileType = sourcecode.swift; path = AppDelegate.swift; sourceTree = "<group>"; };
		27FE7A812463A0ED00A474F4 /* SceneDelegate.swift */ = {isa = PBXFileReference; lastKnownFileType = sourcecode.swift; path = SceneDelegate.swift; sourceTree = "<group>"; };
		27FE7A852463A0EE00A474F4 /* Assets.xcassets */ = {isa = PBXFileReference; lastKnownFileType = folder.assetcatalog; path = Assets.xcassets; sourceTree = "<group>"; };
		27FE7A882463A0EE00A474F4 /* Preview Assets.xcassets */ = {isa = PBXFileReference; lastKnownFileType = folder.assetcatalog; path = "Preview Assets.xcassets"; sourceTree = "<group>"; };
		27FE7A8B2463A0EE00A474F4 /* Base */ = {isa = PBXFileReference; lastKnownFileType = file.storyboard; name = Base; path = Base.lproj/LaunchScreen.storyboard; sourceTree = "<group>"; };
		27FE7A8D2463A0EE00A474F4 /* Info.plist */ = {isa = PBXFileReference; lastKnownFileType = text.plist.xml; path = Info.plist; sourceTree = "<group>"; };
		27FE7A942463A80400A474F4 /* 8697cf1ely8gashxj3b09j20u00u040v.jpg */ = {isa = PBXFileReference; lastKnownFileType = image.jpeg; path = 8697cf1ely8gashxj3b09j20u00u040v.jpg; sourceTree = "<group>"; };
		27FE7A952463A80400A474F4 /* d0c21786ly1gavj2c0kcej20c8096dh7.jpg */ = {isa = PBXFileReference; lastKnownFileType = image.jpeg; path = d0c21786ly1gavj2c0kcej20c8096dh7.jpg; sourceTree = "<group>"; };
		27FE7A962463A80400A474F4 /* 6ec3b446jw1e8qgp5bmzyj2050050aa8.jpg */ = {isa = PBXFileReference; lastKnownFileType = image.jpeg; path = 6ec3b446jw1e8qgp5bmzyj2050050aa8.jpg; sourceTree = "<group>"; };
		27FE7A972463A80400A474F4 /* 8a0b5544jw1e8qgp5bmzyj2050050aa8.jpg */ = {isa = PBXFileReference; lastKnownFileType = image.jpeg; path = 8a0b5544jw1e8qgp5bmzyj2050050aa8.jpg; sourceTree = "<group>"; };
		27FE7A982463A80400A474F4 /* bca7fdafly1gax1gqdg6qj20c80avdgl.jpg */ = {isa = PBXFileReference; lastKnownFileType = image.jpeg; path = bca7fdafly1gax1gqdg6qj20c80avdgl.jpg; sourceTree = "<group>"; };
		27FE7A992463A80400A474F4 /* 9dc7402fjw1e8qgp5bmzyj2050050aa8.jpg */ = {isa = PBXFileReference; lastKnownFileType = image.jpeg; path = 9dc7402fjw1e8qgp5bmzyj2050050aa8.jpg; sourceTree = "<group>"; };
		27FE7A9A2463A80400A474F4 /* eb5c94aegy1gav25n5ibjj20zk1h8wuu.jpg */ = {isa = PBXFileReference; lastKnownFileType = image.jpeg; path = eb5c94aegy1gav25n5ibjj20zk1h8wuu.jpg; sourceTree = "<group>"; };
		27FE7A9B2463A80400A474F4 /* 006gWxMEly1gavap8dywoj30hs0bwq48.jpg */ = {isa = PBXFileReference; lastKnownFileType = image.jpeg; path = 006gWxMEly1gavap8dywoj30hs0bwq48.jpg; sourceTree = "<group>"; };
		27FE7A9C2463A80400A474F4 /* 630584a6gy1gau54zl806j20m80etmzo.jpg */ = {isa = PBXFileReference; lastKnownFileType = image.jpeg; path = 630584a6gy1gau54zl806j20m80etmzo.jpg; sourceTree = "<group>"; };
		27FE7A9D2463A80400A474F4 /* 9dc7402fgy1gavd38wwlrj20j60nyq6y.jpg */ = {isa = PBXFileReference; lastKnownFileType = image.jpeg; path = 9dc7402fgy1gavd38wwlrj20j60nyq6y.jpg; sourceTree = "<group>"; };
		27FE7A9E2463A80400A474F4 /* 8a0b5544gy1gauy2flua6j20u00hitab.jpg */ = {isa = PBXFileReference; lastKnownFileType = image.jpeg; path = 8a0b5544gy1gauy2flua6j20u00hitab.jpg; sourceTree = "<group>"; };
		27FE7A9F2463A80400A474F4 /* 7f9147a5ly1fzxlh4ovuej20e90fl4fo.jpg */ = {isa = PBXFileReference; lastKnownFileType = image.jpeg; path = 7f9147a5ly1fzxlh4ovuej20e90fl4fo.jpg; sourceTree = "<group>"; };
		27FE7AA02463A80400A474F4 /* 7f9147a5ly1fzxlgxgzpij20e90fltsj.jpg */ = {isa = PBXFileReference; lastKnownFileType = image.jpeg; path = 7f9147a5ly1fzxlgxgzpij20e90fltsj.jpg; sourceTree = "<group>"; };
		27FE7AA12463A80400A474F4 /* 76297935ly1gatz8obqvkj22c0340npe.jpg */ = {isa = PBXFileReference; lastKnownFileType = image.jpeg; path = 76297935ly1gatz8obqvkj22c0340npe.jpg; sourceTree = "<group>"; };
		27FE7AA22463A80400A474F4 /* d0c21786ly8fsax1ftiifj20ro0ro43g.jpg */ = {isa = PBXFileReference; lastKnownFileType = image.jpeg; path = d0c21786ly8fsax1ftiifj20ro0ro43g.jpg; sourceTree = "<group>"; };
		27FE7AA32463A80400A474F4 /* 9dc7402fgy1gavd38kqjtj20j60nyn1d.jpg */ = {isa = PBXFileReference; lastKnownFileType = image.jpeg; path = 9dc7402fgy1gavd38kqjtj20j60nyn1d.jpg; sourceTree = "<group>"; };
		27FE7AA42463A80400A474F4 /* 6a2afec3gy1gaulykcejqj20t5145wns.jpg */ = {isa = PBXFileReference; lastKnownFileType = image.jpeg; path = 6a2afec3gy1gaulykcejqj20t5145wns.jpg; sourceTree = "<group>"; };
		27FE7AA52463A80400A474F4 /* 4e7f0c83gy1gam2mp0x4pj22tc240u0x.jpg */ = {isa = PBXFileReference; lastKnownFileType = image.jpeg; path = 4e7f0c83gy1gam2mp0x4pj22tc240u0x.jpg; sourceTree = "<group>"; };
		27FE7AA62463A80400A474F4 /* c5aa834fgy1gauzrb7s5ej20tz13qh5x.jpg */ = {isa = PBXFileReference; lastKnownFileType = image.jpeg; path = c5aa834fgy1gauzrb7s5ej20tz13qh5x.jpg; sourceTree = "<group>"; };
		27FE7AA72463A80400A474F4 /* 700a34f6gy1gaunswxtlrj20j60pkgok.jpg */ = {isa = PBXFileReference; lastKnownFileType = image.jpeg; path = 700a34f6gy1gaunswxtlrj20j60pkgok.jpg; sourceTree = "<group>"; };
		27FE7AA82463A80400A474F4 /* 8a0b5544gy1gauy2ex786j20u0129aed.jpg */ = {isa = PBXFileReference; lastKnownFileType = image.jpeg; path = 8a0b5544gy1gauy2ex786j20u0129aed.jpg; sourceTree = "<group>"; };
		27FE7AA92463A80400A474F4 /* 76297935ly1gatz89dzblj23402c0qv6.jpg */ = {isa = PBXFileReference; lastKnownFileType = image.jpeg; path = 76297935ly1gatz89dzblj23402c0qv6.jpg; sourceTree = "<group>"; };
		27FE7AAA2463A80400A474F4 /* 700a34f6gy1gaunswy5qnj20j60pkadk.jpg */ = {isa = PBXFileReference; lastKnownFileType = image.jpeg; path = 700a34f6gy1gaunswy5qnj20j60pkadk.jpg; sourceTree = "<group>"; };
		27FE7AAB2463A80400A474F4 /* bca7fdafgw1ekhkps65b1j2050050dg4.jpg */ = {isa = PBXFileReference; lastKnownFileType = image.jpeg; path = bca7fdafgw1ekhkps65b1j2050050dg4.jpg; sourceTree = "<group>"; };
		27FE7AAC2463A80400A474F4 /* PostListData_recommend_1.json */ = {isa = PBXFileReference; fileEncoding = 4; lastKnownFileType = text.json; path = PostListData_recommend_1.json; sourceTree = "<group>"; };
		27FE7AAD2463A80400A474F4 /* 006gWxMEly8g0bjpl3ynij30kv0kv773.jpg */ = {isa = PBXFileReference; lastKnownFileType = image.jpeg; path = 006gWxMEly8g0bjpl3ynij30kv0kv773.jpg; sourceTree = "<group>"; };
		27FE7AAE2463A80400A474F4 /* 6ec3b446gy1gavd51jc4lj20j60pmwhl.jpg */ = {isa = PBXFileReference; lastKnownFileType = image.jpeg; path = 6ec3b446gy1gavd51jc4lj20j60pmwhl.jpg; sourceTree = "<group>"; };
		27FE7AAF2463A80400A474F4 /* 006gWxMEly1gavap88gttj30hs0a0dgf.jpg */ = {isa = PBXFileReference; lastKnownFileType = image.jpeg; path = 006gWxMEly1gavap88gttj30hs0a0dgf.jpg; sourceTree = "<group>"; };
		27FE7AB02463A80400A474F4 /* 4e7f0c83gy1gam2ml6nucj22tc240kjl.jpg */ = {isa = PBXFileReference; lastKnownFileType = image.jpeg; path = 4e7f0c83gy1gam2ml6nucj22tc240kjl.jpg; sourceTree = "<group>"; };
		27FE7AB12463A80400A474F4 /* 4e7f0c83gy1gam2misv31j21hc0u016k.jpg */ = {isa = PBXFileReference; lastKnownFileType = image.jpeg; path = 4e7f0c83gy1gam2misv31j21hc0u016k.jpg; sourceTree = "<group>"; };
		27FE7AB22463A80400A474F4 /* 8a0b5544gy1gauy2gmkg9j20u00gegnp.jpg */ = {isa = PBXFileReference; lastKnownFileType = image.jpeg; path = 8a0b5544gy1gauy2gmkg9j20u00gegnp.jpg; sourceTree = "<group>"; };
		27FE7AB32463A80400A474F4 /* 006gWxMEly1gavap8vsqaj30hs0bwgm6.jpg */ = {isa = PBXFileReference; lastKnownFileType = image.jpeg; path = 006gWxMEly1gavap8vsqaj30hs0bwgm6.jpg; sourceTree = "<group>"; };
		27FE7AB42463A80400A474F4 /* 648ed25bjw8est9nqrtnij20500503yr.jpg */ = {isa = PBXFileReference; lastKnownFileType = image.jpeg; path = 648ed25bjw8est9nqrtnij20500503yr.jpg; sourceTree = "<group>"; };
		27FE7AB52463A80400A474F4 /* eb5c94aegy1gav25ox6dvj20u00k1go9.jpg */ = {isa = PBXFileReference; lastKnownFileType = image.jpeg; path = eb5c94aegy1gav25ox6dvj20u00k1go9.jpg; sourceTree = "<group>"; };
		27FE7AB62463A80400A474F4 /* 8a0b5544gy1gauy2g35yoj20u00fomzf.jpg */ = {isa = PBXFileReference; lastKnownFileType = image.jpeg; path = 8a0b5544gy1gauy2g35yoj20u00fomzf.jpg; sourceTree = "<group>"; };
		27FE7AB72463A80400A474F4 /* 006PdkDoly8ffywe2fq39j304g04gwed.jpg */ = {isa = PBXFileReference; lastKnownFileType = image.jpeg; path = 006PdkDoly8ffywe2fq39j304g04gwed.jpg; sourceTree = "<group>"; };
		27FE7AB82463A80400A474F4 /* 700a34f6gy1gaunsxgzixj20j60edmz8.jpg */ = {isa = PBXFileReference; lastKnownFileType = image.jpeg; path = 700a34f6gy1gaunsxgzixj20j60edmz8.jpg; sourceTree = "<group>"; };
		27FE7AB92463A80400A474F4 /* bca7fdafly1gax1gqdnboj20c80atmxp.jpg */ = {isa = PBXFileReference; lastKnownFileType = image.jpeg; path = bca7fdafly1gax1gqdnboj20c80atmxp.jpg; sourceTree = "<group>"; };
		27FE7ABA2463A80400A474F4 /* c5aa834fgy1gauzr6venkj20u01hc12f.jpg */ = {isa = PBXFileReference; lastKnownFileType = image.jpeg; path = c5aa834fgy1gauzr6venkj20u01hc12f.jpg; sourceTree = "<group>"; };
		27FE7ABB2463A80400A474F4 /* 7f9147a5ly1fzxlh6hzdnj20e90fl7me.jpg */ = {isa = PBXFileReference; lastKnownFileType = image.jpeg; path = 7f9147a5ly1fzxlh6hzdnj20e90fl7me.jpg; sourceTree = "<group>"; };
		27FE7ABC2463A80400A474F4 /* 630584a6gy1gau54zm4dtj20m80dftbv.jpg */ = {isa = PBXFileReference; lastKnownFileType = image.jpeg; path = 630584a6gy1gau54zm4dtj20m80dftbv.jpg; sourceTree = "<group>"; };
		27FE7ABD2463A80400A474F4 /* c5aa834fgy1gauzr86bp5j20pb0w47in.jpg */ = {isa = PBXFileReference; lastKnownFileType = image.jpeg; path = c5aa834fgy1gauzr86bp5j20pb0w47in.jpg; sourceTree = "<group>"; };
		27FE7ABE2463A80400A474F4 /* 9dc7402fgy1gavd39ba15j20j60nywii.jpg */ = {isa = PBXFileReference; lastKnownFileType = image.jpeg; path = 9dc7402fgy1gavd39ba15j20j60nywii.jpg; sourceTree = "<group>"; };
		27FE7ABF2463A80400A474F4 /* bca7fdafly1gax1gqfgsjj20c80axaay.jpg */ = {isa = PBXFileReference; lastKnownFileType = image.jpeg; path = bca7fdafly1gax1gqfgsjj20c80axaay.jpg; sourceTree = "<group>"; };
		27FE7AC02463A80400A474F4 /* c5aa834fly8g97m8ix9lcj20re0regnk.jpg */ = {isa = PBXFileReference; lastKnownFileType = image.jpeg; path = c5aa834fly8g97m8ix9lcj20re0regnk.jpg; sourceTree = "<group>"; };
		27FE7AC12463A80400A474F4 /* 700a34f6ly8g9a29rjt92j20fn0iqdg8.jpg */ = {isa = PBXFileReference; lastKnownFileType = image.jpeg; path = 700a34f6ly8g9a29rjt92j20fn0iqdg8.jpg; sourceTree = "<group>"; };
		27FE7AC22463A80400A474F4 /* d0c21786ly1gavj2cdrkyj20c80720tg.jpg */ = {isa = PBXFileReference; lastKnownFileType = image.jpeg; path = d0c21786ly1gavj2cdrkyj20c80720tg.jpg; sourceTree = "<group>"; };
		27FE7AC32463A80400A474F4 /* bca7fdafly1gax1gqehdaj20c80atq3x.jpg */ = {isa = PBXFileReference; lastKnownFileType = image.jpeg; path = bca7fdafly1gax1gqehdaj20c80atq3x.jpg; sourceTree = "<group>"; };
		27FE7AC42463A80400A474F4 /* d0c21786ly1gavj2d17d9j20c808zq3r.jpg */ = {isa = PBXFileReference; lastKnownFileType = image.jpeg; path = d0c21786ly1gavj2d17d9j20c808zq3r.jpg; sourceTree = "<group>"; };
		27FE7AC52463A80400A474F4 /* 8a0b5544gy1gauy2gz000j20u00n6wgj.jpg */ = {isa = PBXFileReference; lastKnownFileType = image.jpeg; path = 8a0b5544gy1gauy2gz000j20u00n6wgj.jpg; sourceTree = "<group>"; };
		27FE7AC62463A80400A474F4 /* 006PdkDogy1gap6ngj12ej30u011itf7.jpg */ = {isa = PBXFileReference; lastKnownFileType = image.jpeg; path = 006PdkDogy1gap6ngj12ej30u011itf7.jpg; sourceTree = "<group>"; };
		27FE7AC72463A80400A474F4 /* 700a34f6gy1gaunsx2jywj20j60pkaeu.jpg */ = {isa = PBXFileReference; lastKnownFileType = image.jpeg; path = 700a34f6gy1gaunsx2jywj20j60pkaeu.jpg; sourceTree = "<group>"; };
		27FE7AC82463A80400A474F4 /* 4e7f0c83gy1gam2mr1b81j22tc2407wi.jpg */ = {isa = PBXFileReference; lastKnownFileType = image.jpeg; path = 4e7f0c83gy1gam2mr1b81j22tc2407wi.jpg; sourceTree = "<group>"; };
		27FE7AC92463A80400A474F4 /* 6a2afec3jw8fb4ld0qf2gj20e80dsdfz.jpg */ = {isa = PBXFileReference; lastKnownFileType = image.jpeg; path = 6a2afec3jw8fb4ld0qf2gj20e80dsdfz.jpg; sourceTree = "<group>"; };
		27FE7ACA2463A80400A474F4 /* bca7fdafly1gax1gqd9vmj20c80ayaam.jpg */ = {isa = PBXFileReference; lastKnownFileType = image.jpeg; path = bca7fdafly1gax1gqd9vmj20c80ayaam.jpg; sourceTree = "<group>"; };
		27FE7ACB2463A80400A474F4 /* 8a0b5544gy1gauy2hcozsj20u01czdiy.jpg */ = {isa = PBXFileReference; lastKnownFileType = image.jpeg; path = 8a0b5544gy1gauy2hcozsj20u01czdiy.jpg; sourceTree = "<group>"; };
		27FE7ACC2463A80400A474F4 /* c5aa834fgy1gauzr95r6fj20tw0l3dq4.jpg */ = {isa = PBXFileReference; lastKnownFileType = image.jpeg; path = c5aa834fgy1gauzr95r6fj20tw0l3dq4.jpg; sourceTree = "<group>"; };
		27FE7ACD2463A80400A474F4 /* 006PdkDogy1gap6ngiyn3j30u011idle.jpg */ = {isa = PBXFileReference; lastKnownFileType = image.jpeg; path = 006PdkDogy1gap6ngiyn3j30u011idle.jpg; sourceTree = "<group>"; };
		27FE7ACE2463A80400A474F4 /* d0c21786ly1gavj2btv6tj20c80790tg.jpg */ = {isa = PBXFileReference; lastKnownFileType = image.jpeg; path = d0c21786ly1gavj2btv6tj20c80790tg.jpg; sourceTree = "<group>"; };
		27FE7ACF2463A80400A474F4 /* PostListData_hot_1.json */ = {isa = PBXFileReference; fileEncoding = 4; lastKnownFileType = text.json; path = PostListData_hot_1.json; sourceTree = "<group>"; };
		27FE7AD02463A80400A474F4 /* eb5c94aely8fmvumnl9baj20v90v9q49.jpg */ = {isa = PBXFileReference; lastKnownFileType = image.jpeg; path = eb5c94aely8fmvumnl9baj20v90v9q49.jpg; sourceTree = "<group>"; };
		27FE7AD12463A80400A474F4 /* 630584a6ly8fqs5wwkkmrj20ku0kuta7.jpg */ = {isa = PBXFileReference; lastKnownFileType = image.jpeg; path = 630584a6ly8fqs5wwkkmrj20ku0kuta7.jpg; sourceTree = "<group>"; };
		27FE7AD22463A80400A474F4 /* d0c21786ly1gavj2cowp9j20c8083ab4.jpg */ = {isa = PBXFileReference; lastKnownFileType = image.jpeg; path = d0c21786ly1gavj2cowp9j20c8083ab4.jpg; sourceTree = "<group>"; };
		27FE7AD32463A80400A474F4 /* 9dc7402fgy1gavd367p0pj20j60nywic.jpg */ = {isa = PBXFileReference; lastKnownFileType = image.jpeg; path = 9dc7402fgy1gavd367p0pj20j60nywic.jpg; sourceTree = "<group>"; };
		27FE7AD42463A80400A474F4 /* 006gWxMEly1gavap86qr9j30ht0qo40t.jpg */ = {isa = PBXFileReference; lastKnownFileType = image.jpeg; path = 006gWxMEly1gavap86qr9j30ht0qo40t.jpg; sourceTree = "<group>"; };
		27FE7AD52463A80400A474F4 /* 76297935ly1gatz8k5itij22c02c01ky.jpg */ = {isa = PBXFileReference; lastKnownFileType = image.jpeg; path = 76297935ly1gatz8k5itij22c02c01ky.jpg; sourceTree = "<group>"; };
		27FE7AD62463A80400A474F4 /* 76297935ly1gatz8g5rvxj22c03401kz.jpg */ = {isa = PBXFileReference; lastKnownFileType = image.jpeg; path = 76297935ly1gatz8g5rvxj22c03401kz.jpg; sourceTree = "<group>"; };
		27FE7AD72463A80400A474F4 /* 700a34f6gy1gaunsxhp4pj20j60pkn1k.jpg */ = {isa = PBXFileReference; lastKnownFileType = image.jpeg; path = 700a34f6gy1gaunsxhp4pj20j60pkn1k.jpg; sourceTree = "<group>"; };
		27FE7AD82463A80400A474F4 /* eb5c94aegy1gav2509cp5j20zk0k0n2j.jpg */ = {isa = PBXFileReference; lastKnownFileType = image.jpeg; path = eb5c94aegy1gav2509cp5j20zk0k0n2j.jpg; sourceTree = "<group>"; };
		27FE7AD92463A80400A474F4 /* 4e7f0c83gy1gam2mn58d3j22tc240qv5.jpg */ = {isa = PBXFileReference; lastKnownFileType = image.jpeg; path = 4e7f0c83gy1gam2mn58d3j22tc240qv5.jpg; sourceTree = "<group>"; };
		27FE7ADA2463A80400A474F4 /* eb5c94aegy1gav26fycwlj20zk1h8drh.jpg */ = {isa = PBXFileReference; lastKnownFileType = image.jpeg; path = eb5c94aegy1gav26fycwlj20zk1h8drh.jpg; sourceTree = "<group>"; };
		27FE7ADB2463A80400A474F4 /* 630584a6gy1gau54zyj61j20m80etn07.jpg */ = {isa = PBXFileReference; lastKnownFileType = image.jpeg; path = 630584a6gy1gau54zyj61j20m80etn07.jpg; sourceTree = "<group>"; };
		27FE7ADC2463A80400A474F4 /* c5aa834fgy1gauzr8ok78j20tz12fk8w.jpg */ = {isa = PBXFileReference; lastKnownFileType = image.jpeg; path = c5aa834fgy1gauzr8ok78j20tz12fk8w.jpg; sourceTree = "<group>"; };
		27FE7ADD2463A80400A474F4 /* 76297935ly8g4phfkq68hj20u00u0mzt.jpg */ = {isa = PBXFileReference; lastKnownFileType = image.jpeg; path = 76297935ly8g4phfkq68hj20u00u0mzt.jpg; sourceTree = "<group>"; };
		27FE7ADE2463A80400A474F4 /* 9dc7402fgy1gavd37l9nwj20j60ny44q.jpg */ = {isa = PBXFileReference; lastKnownFileType = image.jpeg; path = 9dc7402fgy1gavd37l9nwj20j60ny44q.jpg; sourceTree = "<group>"; };
		27FE7ADF2463A80400A474F4 /* 700a34f6gy1gaunswwui7j20j60pl78e.jpg */ = {isa = PBXFileReference; lastKnownFileType = image.jpeg; path = 700a34f6gy1gaunswwui7j20j60pl78e.jpg; sourceTree = "<group>"; };
		27FE7AE02463A80400A474F4 /* 630584a6gy1gau54zgaxhj20m80et0vq.jpg */ = {isa = PBXFileReference; lastKnownFileType = image.jpeg; path = 630584a6gy1gau54zgaxhj20m80et0vq.jpg; sourceTree = "<group>"; };
		27FE7AE12463A80400A474F4 /* 4e7f0c83gy1gam2mjhk8zj21hc0v6wnx.jpg */ = {isa = PBXFileReference; lastKnownFileType = image.jpeg; path = 4e7f0c83gy1gam2mjhk8zj21hc0v6wnx.jpg; sourceTree = "<group>"; };
		27FE7AE22463A80400A474F4 /* 6ec3b446gy1gavd4xud8lj20j60qkwj0.jpg */ = {isa = PBXFileReference; lastKnownFileType = image.jpeg; path = 6ec3b446gy1gavd4xud8lj20j60qkwj0.jpg; sourceTree = "<group>"; };
		27FE7AE32463A80400A474F4 /* 4e7f0c83ly8g1ho507078j20ro0rojtq.jpg */ = {isa = PBXFileReference; lastKnownFileType = image.jpeg; path = 4e7f0c83ly8g1ho507078j20ro0rojtq.jpg; sourceTree = "<group>"; };
		27FE7AE42463A80400A474F4 /* bca7fdafly1gax1gqdhouj20c80axaam.jpg */ = {isa = PBXFileReference; lastKnownFileType = image.jpeg; path = bca7fdafly1gax1gqdhouj20c80axaam.jpg; sourceTree = "<group>"; };
		27FE7AE52463A80400A474F4 /* 6ec3b446gy1gavd523embj20j60pytd6.jpg */ = {isa = PBXFileReference; lastKnownFileType = image.jpeg; path = 6ec3b446gy1gavd523embj20j60pytd6.jpg; sourceTree = "<group>"; };
		27FE7AE62463A80400A474F4 /* 005tnxzUly8gab4i2r73xj30u00u0js8.jpg */ = {isa = PBXFileReference; lastKnownFileType = image.jpeg; path = 005tnxzUly8gab4i2r73xj30u00u0js8.jpg; sourceTree = "<group>"; };
		27FE7B3B2463B1CB00A474F4 /* VipView.swift */ = {isa = PBXFileReference; lastKnownFileType = sourcecode.swift; path = VipView.swift; sourceTree = "<group>"; };
		27FE7B3D2463B6AB00A474F4 /* UserTitleView.swift */ = {isa = PBXFileReference; lastKnownFileType = sourcecode.swift; path = UserTitleView.swift; sourceTree = "<group>"; };
		27FE7B402463B85F00A474F4 /* WeiboModel.swift */ = {isa = PBXFileReference; lastKnownFileType = sourcecode.swift; path = WeiboModel.swift; sourceTree = "<group>"; };
		27FE7B442463E55600A474F4 /* UserPostView.swift */ = {isa = PBXFileReference; lastKnownFileType = sourcecode.swift; path = UserPostView.swift; sourceTree = "<group>"; };
		27FE7B462463EC6900A474F4 /* UserPostButton.swift */ = {isa = PBXFileReference; lastKnownFileType = sourcecode.swift; path = UserPostButton.swift; sourceTree = "<group>"; };
		27FE7B482463F8B100A474F4 /* PostCell.swift */ = {isa = PBXFileReference; lastKnownFileType = sourcecode.swift; path = PostCell.swift; sourceTree = "<group>"; };
		928789962465633100586C1B /* UserPostPicture.swift */ = {isa = PBXFileReference; lastKnownFileType = sourcecode.swift; path = UserPostPicture.swift; sourceTree = "<group>"; };
		92908C3524667E4D00C240E9 /* HomeVC.swift */ = {isa = PBXFileReference; lastKnownFileType = sourcecode.swift; path = HomeVC.swift; sourceTree = "<group>"; };
		92908C3824668C6D00C240E9 /* DetailVC.swift */ = {isa = PBXFileReference; lastKnownFileType = sourcecode.swift; path = DetailVC.swift; sourceTree = "<group>"; };
		92908C3B2466AABC00C240E9 /* RecommendVC.swift */ = {isa = PBXFileReference; lastKnownFileType = sourcecode.swift; path = RecommendVC.swift; sourceTree = "<group>"; };
		92908C3D2466B39500C240E9 /* NavigationBarTitle.swift */ = {isa = PBXFileReference; lastKnownFileType = sourcecode.swift; path = NavigationBarTitle.swift; sourceTree = "<group>"; };
		92908C402466B7C400C240E9 /* HotVC.swift */ = {isa = PBXFileReference; lastKnownFileType = sourcecode.swift; path = HotVC.swift; sourceTree = "<group>"; };
/* End PBXFileReference section */

/* Begin PBXFrameworksBuildPhase section */
		27FE7A792463A0ED00A474F4 /* Frameworks */ = {
			isa = PBXFrameworksBuildPhase;
			buildActionMask = 2147483647;
			files = (
			);
			runOnlyForDeploymentPostprocessing = 0;
		};
/* End PBXFrameworksBuildPhase section */

/* Begin PBXGroup section */
		27FE7A732463A0ED00A474F4 = {
			isa = PBXGroup;
			children = (
				27FE7A7E2463A0ED00A474F4 /* CoderChenWeiBo */,
				27FE7A7D2463A0ED00A474F4 /* Products */,
			);
			sourceTree = "<group>";
		};
		27FE7A7D2463A0ED00A474F4 /* Products */ = {
			isa = PBXGroup;
			children = (
				27FE7A7C2463A0ED00A474F4 /* CoderChenWeiBo.app */,
			);
			name = Products;
			sourceTree = "<group>";
		};
		27FE7A7E2463A0ED00A474F4 /* CoderChenWeiBo */ = {
			isa = PBXGroup;
			children = (
				27FE7A932463A80400A474F4 /* Resources */,
				27FE7B3F2463B78600A474F4 /* Model */,
				27FE7B3A2463B19000A474F4 /* View */,
				92908C3324667DDC00C240E9 /* Controller */,
				27FE7A7F2463A0ED00A474F4 /* AppDelegate.swift */,
				27FE7A812463A0ED00A474F4 /* SceneDelegate.swift */,
				27FE7A852463A0EE00A474F4 /* Assets.xcassets */,
				27FE7A8A2463A0EE00A474F4 /* LaunchScreen.storyboard */,
				27FE7A8D2463A0EE00A474F4 /* Info.plist */,
				27FE7A872463A0EE00A474F4 /* Preview Content */,
			);
			path = CoderChenWeiBo;
			sourceTree = "<group>";
		};
		27FE7A872463A0EE00A474F4 /* Preview Content */ = {
			isa = PBXGroup;
			children = (
				27FE7A882463A0EE00A474F4 /* Preview Assets.xcassets */,
			);
			path = "Preview Content";
			sourceTree = "<group>";
		};
		27FE7A932463A80400A474F4 /* Resources */ = {
			isa = PBXGroup;
			children = (
				27FE7A942463A80400A474F4 /* 8697cf1ely8gashxj3b09j20u00u040v.jpg */,
				27FE7A952463A80400A474F4 /* d0c21786ly1gavj2c0kcej20c8096dh7.jpg */,
				27FE7A962463A80400A474F4 /* 6ec3b446jw1e8qgp5bmzyj2050050aa8.jpg */,
				27FE7A972463A80400A474F4 /* 8a0b5544jw1e8qgp5bmzyj2050050aa8.jpg */,
				27FE7A982463A80400A474F4 /* bca7fdafly1gax1gqdg6qj20c80avdgl.jpg */,
				27FE7A992463A80400A474F4 /* 9dc7402fjw1e8qgp5bmzyj2050050aa8.jpg */,
				27FE7A9A2463A80400A474F4 /* eb5c94aegy1gav25n5ibjj20zk1h8wuu.jpg */,
				27FE7A9B2463A80400A474F4 /* 006gWxMEly1gavap8dywoj30hs0bwq48.jpg */,
				27FE7A9C2463A80400A474F4 /* 630584a6gy1gau54zl806j20m80etmzo.jpg */,
				27FE7A9D2463A80400A474F4 /* 9dc7402fgy1gavd38wwlrj20j60nyq6y.jpg */,
				27FE7A9E2463A80400A474F4 /* 8a0b5544gy1gauy2flua6j20u00hitab.jpg */,
				27FE7A9F2463A80400A474F4 /* 7f9147a5ly1fzxlh4ovuej20e90fl4fo.jpg */,
				27FE7AA02463A80400A474F4 /* 7f9147a5ly1fzxlgxgzpij20e90fltsj.jpg */,
				27FE7AA12463A80400A474F4 /* 76297935ly1gatz8obqvkj22c0340npe.jpg */,
				27FE7AA22463A80400A474F4 /* d0c21786ly8fsax1ftiifj20ro0ro43g.jpg */,
				27FE7AA32463A80400A474F4 /* 9dc7402fgy1gavd38kqjtj20j60nyn1d.jpg */,
				27FE7AA42463A80400A474F4 /* 6a2afec3gy1gaulykcejqj20t5145wns.jpg */,
				27FE7AA52463A80400A474F4 /* 4e7f0c83gy1gam2mp0x4pj22tc240u0x.jpg */,
				27FE7AA62463A80400A474F4 /* c5aa834fgy1gauzrb7s5ej20tz13qh5x.jpg */,
				27FE7AA72463A80400A474F4 /* 700a34f6gy1gaunswxtlrj20j60pkgok.jpg */,
				27FE7AA82463A80400A474F4 /* 8a0b5544gy1gauy2ex786j20u0129aed.jpg */,
				27FE7AA92463A80400A474F4 /* 76297935ly1gatz89dzblj23402c0qv6.jpg */,
				27FE7AAA2463A80400A474F4 /* 700a34f6gy1gaunswy5qnj20j60pkadk.jpg */,
				27FE7AAB2463A80400A474F4 /* bca7fdafgw1ekhkps65b1j2050050dg4.jpg */,
				27FE7AAC2463A80400A474F4 /* PostListData_recommend_1.json */,
				27FE7AAD2463A80400A474F4 /* 006gWxMEly8g0bjpl3ynij30kv0kv773.jpg */,
				27FE7AAE2463A80400A474F4 /* 6ec3b446gy1gavd51jc4lj20j60pmwhl.jpg */,
				27FE7AAF2463A80400A474F4 /* 006gWxMEly1gavap88gttj30hs0a0dgf.jpg */,
				27FE7AB02463A80400A474F4 /* 4e7f0c83gy1gam2ml6nucj22tc240kjl.jpg */,
				27FE7AB12463A80400A474F4 /* 4e7f0c83gy1gam2misv31j21hc0u016k.jpg */,
				27FE7AB22463A80400A474F4 /* 8a0b5544gy1gauy2gmkg9j20u00gegnp.jpg */,
				27FE7AB32463A80400A474F4 /* 006gWxMEly1gavap8vsqaj30hs0bwgm6.jpg */,
				27FE7AB42463A80400A474F4 /* 648ed25bjw8est9nqrtnij20500503yr.jpg */,
				27FE7AB52463A80400A474F4 /* eb5c94aegy1gav25ox6dvj20u00k1go9.jpg */,
				27FE7AB62463A80400A474F4 /* 8a0b5544gy1gauy2g35yoj20u00fomzf.jpg */,
				27FE7AB72463A80400A474F4 /* 006PdkDoly8ffywe2fq39j304g04gwed.jpg */,
				27FE7AB82463A80400A474F4 /* 700a34f6gy1gaunsxgzixj20j60edmz8.jpg */,
				27FE7AB92463A80400A474F4 /* bca7fdafly1gax1gqdnboj20c80atmxp.jpg */,
				27FE7ABA2463A80400A474F4 /* c5aa834fgy1gauzr6venkj20u01hc12f.jpg */,
				27FE7ABB2463A80400A474F4 /* 7f9147a5ly1fzxlh6hzdnj20e90fl7me.jpg */,
				27FE7ABC2463A80400A474F4 /* 630584a6gy1gau54zm4dtj20m80dftbv.jpg */,
				27FE7ABD2463A80400A474F4 /* c5aa834fgy1gauzr86bp5j20pb0w47in.jpg */,
				27FE7ABE2463A80400A474F4 /* 9dc7402fgy1gavd39ba15j20j60nywii.jpg */,
				27FE7ABF2463A80400A474F4 /* bca7fdafly1gax1gqfgsjj20c80axaay.jpg */,
				27FE7AC02463A80400A474F4 /* c5aa834fly8g97m8ix9lcj20re0regnk.jpg */,
				27FE7AC12463A80400A474F4 /* 700a34f6ly8g9a29rjt92j20fn0iqdg8.jpg */,
				27FE7AC22463A80400A474F4 /* d0c21786ly1gavj2cdrkyj20c80720tg.jpg */,
				27FE7AC32463A80400A474F4 /* bca7fdafly1gax1gqehdaj20c80atq3x.jpg */,
				27FE7AC42463A80400A474F4 /* d0c21786ly1gavj2d17d9j20c808zq3r.jpg */,
				27FE7AC52463A80400A474F4 /* 8a0b5544gy1gauy2gz000j20u00n6wgj.jpg */,
				27FE7AC62463A80400A474F4 /* 006PdkDogy1gap6ngj12ej30u011itf7.jpg */,
				27FE7AC72463A80400A474F4 /* 700a34f6gy1gaunsx2jywj20j60pkaeu.jpg */,
				27FE7AC82463A80400A474F4 /* 4e7f0c83gy1gam2mr1b81j22tc2407wi.jpg */,
				27FE7AC92463A80400A474F4 /* 6a2afec3jw8fb4ld0qf2gj20e80dsdfz.jpg */,
				27FE7ACA2463A80400A474F4 /* bca7fdafly1gax1gqd9vmj20c80ayaam.jpg */,
				27FE7ACB2463A80400A474F4 /* 8a0b5544gy1gauy2hcozsj20u01czdiy.jpg */,
				27FE7ACC2463A80400A474F4 /* c5aa834fgy1gauzr95r6fj20tw0l3dq4.jpg */,
				27FE7ACD2463A80400A474F4 /* 006PdkDogy1gap6ngiyn3j30u011idle.jpg */,
				27FE7ACE2463A80400A474F4 /* d0c21786ly1gavj2btv6tj20c80790tg.jpg */,
				27FE7ACF2463A80400A474F4 /* PostListData_hot_1.json */,
				27FE7AD02463A80400A474F4 /* eb5c94aely8fmvumnl9baj20v90v9q49.jpg */,
				27FE7AD12463A80400A474F4 /* 630584a6ly8fqs5wwkkmrj20ku0kuta7.jpg */,
				27FE7AD22463A80400A474F4 /* d0c21786ly1gavj2cowp9j20c8083ab4.jpg */,
				27FE7AD32463A80400A474F4 /* 9dc7402fgy1gavd367p0pj20j60nywic.jpg */,
				27FE7AD42463A80400A474F4 /* 006gWxMEly1gavap86qr9j30ht0qo40t.jpg */,
				27FE7AD52463A80400A474F4 /* 76297935ly1gatz8k5itij22c02c01ky.jpg */,
				27FE7AD62463A80400A474F4 /* 76297935ly1gatz8g5rvxj22c03401kz.jpg */,
				27FE7AD72463A80400A474F4 /* 700a34f6gy1gaunsxhp4pj20j60pkn1k.jpg */,
				27FE7AD82463A80400A474F4 /* eb5c94aegy1gav2509cp5j20zk0k0n2j.jpg */,
				27FE7AD92463A80400A474F4 /* 4e7f0c83gy1gam2mn58d3j22tc240qv5.jpg */,
				27FE7ADA2463A80400A474F4 /* eb5c94aegy1gav26fycwlj20zk1h8drh.jpg */,
				27FE7ADB2463A80400A474F4 /* 630584a6gy1gau54zyj61j20m80etn07.jpg */,
				27FE7ADC2463A80400A474F4 /* c5aa834fgy1gauzr8ok78j20tz12fk8w.jpg */,
				27FE7ADD2463A80400A474F4 /* 76297935ly8g4phfkq68hj20u00u0mzt.jpg */,
				27FE7ADE2463A80400A474F4 /* 9dc7402fgy1gavd37l9nwj20j60ny44q.jpg */,
				27FE7ADF2463A80400A474F4 /* 700a34f6gy1gaunswwui7j20j60pl78e.jpg */,
				27FE7AE02463A80400A474F4 /* 630584a6gy1gau54zgaxhj20m80et0vq.jpg */,
				27FE7AE12463A80400A474F4 /* 4e7f0c83gy1gam2mjhk8zj21hc0v6wnx.jpg */,
				27FE7AE22463A80400A474F4 /* 6ec3b446gy1gavd4xud8lj20j60qkwj0.jpg */,
				27FE7AE32463A80400A474F4 /* 4e7f0c83ly8g1ho507078j20ro0rojtq.jpg */,
				27FE7AE42463A80400A474F4 /* bca7fdafly1gax1gqdhouj20c80axaam.jpg */,
				27FE7AE52463A80400A474F4 /* 6ec3b446gy1gavd523embj20j60pytd6.jpg */,
				27FE7AE62463A80400A474F4 /* 005tnxzUly8gab4i2r73xj30u00u0js8.jpg */,
			);
			path = Resources;
			sourceTree = "<group>";
		};
		27FE7B3A2463B19000A474F4 /* View */ = {
			isa = PBXGroup;
			children = (
				27FE7B3B2463B1CB00A474F4 /* VipView.swift */,
				27FE7B3D2463B6AB00A474F4 /* UserTitleView.swift */,
				27FE7B442463E55600A474F4 /* UserPostView.swift */,
				27FE7B462463EC6900A474F4 /* UserPostButton.swift */,
				928789962465633100586C1B /* UserPostPicture.swift */,
				27FE7B482463F8B100A474F4 /* PostCell.swift */,
				92908C3D2466B39500C240E9 /* NavigationBarTitle.swift */,
			);
			path = View;
			sourceTree = "<group>";
		};
		27FE7B3F2463B78600A474F4 /* Model */ = {
			isa = PBXGroup;
			children = (
				27FE7B402463B85F00A474F4 /* WeiboModel.swift */,
			);
			path = Model;
			sourceTree = "<group>";
		};
		92908C3324667DDC00C240E9 /* Controller */ = {
			isa = PBXGroup;
			children = (
				92908C3424667E2600C240E9 /* Home */,
				92908C3724668BEC00C240E9 /* Common */,
				92908C3A2466AA9800C240E9 /* Recommend */,
				92908C3F2466B78E00C240E9 /* Hot */,
			);
			path = Controller;
			sourceTree = "<group>";
		};
		92908C3424667E2600C240E9 /* Home */ = {
			isa = PBXGroup;
			children = (
				92908C3524667E4D00C240E9 /* HomeVC.swift */,
			);
			path = Home;
			sourceTree = "<group>";
		};
		92908C3724668BEC00C240E9 /* Common */ = {
			isa = PBXGroup;
			children = (
				92908C3824668C6D00C240E9 /* DetailVC.swift */,
			);
			path = Common;
			sourceTree = "<group>";
		};
		92908C3A2466AA9800C240E9 /* Recommend */ = {
			isa = PBXGroup;
			children = (
				92908C3B2466AABC00C240E9 /* RecommendVC.swift */,
			);
			path = Recommend;
			sourceTree = "<group>";
		};
		92908C3F2466B78E00C240E9 /* Hot */ = {
			isa = PBXGroup;
			children = (
				92908C402466B7C400C240E9 /* HotVC.swift */,
			);
			path = Hot;
			sourceTree = "<group>";
		};
/* End PBXGroup section */

/* Begin PBXNativeTarget section */
		27FE7A7B2463A0ED00A474F4 /* CoderChenWeiBo */ = {
			isa = PBXNativeTarget;
			buildConfigurationList = 27FE7A902463A0EE00A474F4 /* Build configuration list for PBXNativeTarget "CoderChenWeiBo" */;
			buildPhases = (
				27FE7A782463A0ED00A474F4 /* Sources */,
				27FE7A792463A0ED00A474F4 /* Frameworks */,
				27FE7A7A2463A0ED00A474F4 /* Resources */,
			);
			buildRules = (
			);
			dependencies = (
			);
			name = CoderChenWeiBo;
			productName = CoderChenWeiBo;
			productReference = 27FE7A7C2463A0ED00A474F4 /* CoderChenWeiBo.app */;
			productType = "com.apple.product-type.application";
		};
/* End PBXNativeTarget section */

/* Begin PBXProject section */
		27FE7A742463A0ED00A474F4 /* Project object */ = {
			isa = PBXProject;
			attributes = {
				LastSwiftUpdateCheck = 1140;
				LastUpgradeCheck = 1140;
				ORGANIZATIONNAME = "陈良良";
				TargetAttributes = {
					27FE7A7B2463A0ED00A474F4 = {
						CreatedOnToolsVersion = 11.4.1;
					};
				};
			};
			buildConfigurationList = 27FE7A772463A0ED00A474F4 /* Build configuration list for PBXProject "CoderChenWeiBo" */;
			compatibilityVersion = "Xcode 9.3";
			developmentRegion = en;
			hasScannedForEncodings = 0;
			knownRegions = (
				en,
				Base,
			);
			mainGroup = 27FE7A732463A0ED00A474F4;
			productRefGroup = 27FE7A7D2463A0ED00A474F4 /* Products */;
			projectDirPath = "";
			projectRoot = "";
			targets = (
				27FE7A7B2463A0ED00A474F4 /* CoderChenWeiBo */,
			);
		};
/* End PBXProject section */

/* Begin PBXResourcesBuildPhase section */
		27FE7A7A2463A0ED00A474F4 /* Resources */ = {
			isa = PBXResourcesBuildPhase;
			buildActionMask = 2147483647;
			files = (
				27FE7AE92463A80400A474F4 /* 6ec3b446jw1e8qgp5bmzyj2050050aa8.jpg in Resources */,
				27FE7B1C2463A80400A474F4 /* 6a2afec3jw8fb4ld0qf2gj20e80dsdfz.jpg in Resources */,
				27FE7B2B2463A80400A474F4 /* eb5c94aegy1gav2509cp5j20zk0k0n2j.jpg in Resources */,
				27FE7B2C2463A80400A474F4 /* 4e7f0c83gy1gam2mn58d3j22tc240qv5.jpg in Resources */,
				27FE7AF82463A80400A474F4 /* 4e7f0c83gy1gam2mp0x4pj22tc240u0x.jpg in Resources */,
				27FE7B382463A80400A474F4 /* 6ec3b446gy1gavd523embj20j60pytd6.jpg in Resources */,
				27FE7B052463A80400A474F4 /* 8a0b5544gy1gauy2gmkg9j20u00gegnp.jpg in Resources */,
				27FE7AFB2463A80400A474F4 /* 8a0b5544gy1gauy2ex786j20u0129aed.jpg in Resources */,
				27FE7B162463A80400A474F4 /* bca7fdafly1gax1gqehdaj20c80atq3x.jpg in Resources */,
				27FE7B0E2463A80400A474F4 /* 7f9147a5ly1fzxlh6hzdnj20e90fl7me.jpg in Resources */,
				27FE7AEA2463A80400A474F4 /* 8a0b5544jw1e8qgp5bmzyj2050050aa8.jpg in Resources */,
				27FE7B2E2463A80400A474F4 /* 630584a6gy1gau54zyj61j20m80etn07.jpg in Resources */,
				27FE7B122463A80400A474F4 /* bca7fdafly1gax1gqfgsjj20c80axaay.jpg in Resources */,
				27FE7AF72463A80400A474F4 /* 6a2afec3gy1gaulykcejqj20t5145wns.jpg in Resources */,
				27FE7B212463A80400A474F4 /* d0c21786ly1gavj2btv6tj20c80790tg.jpg in Resources */,
				27FE7B242463A80400A474F4 /* 630584a6ly8fqs5wwkkmrj20ku0kuta7.jpg in Resources */,
				27FE7AE72463A80400A474F4 /* 8697cf1ely8gashxj3b09j20u00u040v.jpg in Resources */,
				27FE7B002463A80400A474F4 /* 006gWxMEly8g0bjpl3ynij30kv0kv773.jpg in Resources */,
				27FE7AEF2463A80400A474F4 /* 630584a6gy1gau54zl806j20m80etmzo.jpg in Resources */,
				27FE7B0C2463A80400A474F4 /* bca7fdafly1gax1gqdnboj20c80atmxp.jpg in Resources */,
				27FE7B202463A80400A474F4 /* 006PdkDogy1gap6ngiyn3j30u011idle.jpg in Resources */,
				27FE7AFE2463A80400A474F4 /* bca7fdafgw1ekhkps65b1j2050050dg4.jpg in Resources */,
				27FE7AF12463A80400A474F4 /* 8a0b5544gy1gauy2flua6j20u00hitab.jpg in Resources */,
				27FE7B392463A80400A474F4 /* 005tnxzUly8gab4i2r73xj30u00u0js8.jpg in Resources */,
				27FE7B132463A80400A474F4 /* c5aa834fly8g97m8ix9lcj20re0regnk.jpg in Resources */,
				27FE7AEE2463A80400A474F4 /* 006gWxMEly1gavap8dywoj30hs0bwq48.jpg in Resources */,
				27FE7B062463A80400A474F4 /* 006gWxMEly1gavap8vsqaj30hs0bwgm6.jpg in Resources */,
				27FE7B2A2463A80400A474F4 /* 700a34f6gy1gaunsxhp4pj20j60pkn1k.jpg in Resources */,
				27FE7AF92463A80400A474F4 /* c5aa834fgy1gauzrb7s5ej20tz13qh5x.jpg in Resources */,
				27FE7AF02463A80400A474F4 /* 9dc7402fgy1gavd38wwlrj20j60nyq6y.jpg in Resources */,
				27FE7AE82463A80400A474F4 /* d0c21786ly1gavj2c0kcej20c8096dh7.jpg in Resources */,
				27FE7B292463A80400A474F4 /* 76297935ly1gatz8g5rvxj22c03401kz.jpg in Resources */,
				27FE7B192463A80400A474F4 /* 006PdkDogy1gap6ngj12ej30u011itf7.jpg in Resources */,
				27FE7AEC2463A80400A474F4 /* 9dc7402fjw1e8qgp5bmzyj2050050aa8.jpg in Resources */,
				27FE7B222463A80400A474F4 /* PostListData_hot_1.json in Resources */,
				27FE7B172463A80400A474F4 /* d0c21786ly1gavj2d17d9j20c808zq3r.jpg in Resources */,
				27FE7B252463A80400A474F4 /* d0c21786ly1gavj2cowp9j20c8083ab4.jpg in Resources */,
				27FE7B072463A80400A474F4 /* 648ed25bjw8est9nqrtnij20500503yr.jpg in Resources */,
				27FE7A8C2463A0EE00A474F4 /* LaunchScreen.storyboard in Resources */,
				27FE7B0B2463A80400A474F4 /* 700a34f6gy1gaunsxgzixj20j60edmz8.jpg in Resources */,
				27FE7B272463A80400A474F4 /* 006gWxMEly1gavap86qr9j30ht0qo40t.jpg in Resources */,
				27FE7B032463A80400A474F4 /* 4e7f0c83gy1gam2ml6nucj22tc240kjl.jpg in Resources */,
				27FE7B1E2463A80400A474F4 /* 8a0b5544gy1gauy2hcozsj20u01czdiy.jpg in Resources */,
				27FE7B352463A80400A474F4 /* 6ec3b446gy1gavd4xud8lj20j60qkwj0.jpg in Resources */,
				27FE7B1A2463A80400A474F4 /* 700a34f6gy1gaunsx2jywj20j60pkaeu.jpg in Resources */,
				27FE7AFD2463A80400A474F4 /* 700a34f6gy1gaunswy5qnj20j60pkadk.jpg in Resources */,
				27FE7A892463A0EE00A474F4 /* Preview Assets.xcassets in Resources */,
				27FE7B282463A80400A474F4 /* 76297935ly1gatz8k5itij22c02c01ky.jpg in Resources */,
				27FE7B262463A80400A474F4 /* 9dc7402fgy1gavd367p0pj20j60nywic.jpg in Resources */,
				27FE7B332463A80400A474F4 /* 630584a6gy1gau54zgaxhj20m80et0vq.jpg in Resources */,
				27FE7B362463A80400A474F4 /* 4e7f0c83ly8g1ho507078j20ro0rojtq.jpg in Resources */,
				27FE7B1D2463A80400A474F4 /* bca7fdafly1gax1gqd9vmj20c80ayaam.jpg in Resources */,
				27FE7AF32463A80400A474F4 /* 7f9147a5ly1fzxlgxgzpij20e90fltsj.jpg in Resources */,
				27FE7B1F2463A80400A474F4 /* c5aa834fgy1gauzr95r6fj20tw0l3dq4.jpg in Resources */,
				27FE7AF42463A80400A474F4 /* 76297935ly1gatz8obqvkj22c0340npe.jpg in Resources */,
				27FE7B142463A80400A474F4 /* 700a34f6ly8g9a29rjt92j20fn0iqdg8.jpg in Resources */,
				27FE7B012463A80400A474F4 /* 6ec3b446gy1gavd51jc4lj20j60pmwhl.jpg in Resources */,
				27FE7B2D2463A80400A474F4 /* eb5c94aegy1gav26fycwlj20zk1h8drh.jpg in Resources */,
				27FE7AFA2463A80400A474F4 /* 700a34f6gy1gaunswxtlrj20j60pkgok.jpg in Resources */,
				27FE7B232463A80400A474F4 /* eb5c94aely8fmvumnl9baj20v90v9q49.jpg in Resources */,
				27FE7B1B2463A80400A474F4 /* 4e7f0c83gy1gam2mr1b81j22tc2407wi.jpg in Resources */,
				27FE7A862463A0EE00A474F4 /* Assets.xcassets in Resources */,
				27FE7B042463A80400A474F4 /* 4e7f0c83gy1gam2misv31j21hc0u016k.jpg in Resources */,
				27FE7B2F2463A80400A474F4 /* c5aa834fgy1gauzr8ok78j20tz12fk8w.jpg in Resources */,
				27FE7B152463A80400A474F4 /* d0c21786ly1gavj2cdrkyj20c80720tg.jpg in Resources */,
				27FE7AED2463A80400A474F4 /* eb5c94aegy1gav25n5ibjj20zk1h8wuu.jpg in Resources */,
				27FE7B342463A80400A474F4 /* 4e7f0c83gy1gam2mjhk8zj21hc0v6wnx.jpg in Resources */,
				27FE7B312463A80400A474F4 /* 9dc7402fgy1gavd37l9nwj20j60ny44q.jpg in Resources */,
				27FE7AEB2463A80400A474F4 /* bca7fdafly1gax1gqdg6qj20c80avdgl.jpg in Resources */,
				27FE7B302463A80400A474F4 /* 76297935ly8g4phfkq68hj20u00u0mzt.jpg in Resources */,
				27FE7B0D2463A80400A474F4 /* c5aa834fgy1gauzr6venkj20u01hc12f.jpg in Resources */,
				27FE7B082463A80400A474F4 /* eb5c94aegy1gav25ox6dvj20u00k1go9.jpg in Resources */,
				27FE7B322463A80400A474F4 /* 700a34f6gy1gaunswwui7j20j60pl78e.jpg in Resources */,
				27FE7B022463A80400A474F4 /* 006gWxMEly1gavap88gttj30hs0a0dgf.jpg in Resources */,
				27FE7AF62463A80400A474F4 /* 9dc7402fgy1gavd38kqjtj20j60nyn1d.jpg in Resources */,
				27FE7B092463A80400A474F4 /* 8a0b5544gy1gauy2g35yoj20u00fomzf.jpg in Resources */,
				27FE7B0A2463A80400A474F4 /* 006PdkDoly8ffywe2fq39j304g04gwed.jpg in Resources */,
				27FE7AF52463A80400A474F4 /* d0c21786ly8fsax1ftiifj20ro0ro43g.jpg in Resources */,
				27FE7AFC2463A80400A474F4 /* 76297935ly1gatz89dzblj23402c0qv6.jpg in Resources */,
				27FE7B182463A80400A474F4 /* 8a0b5544gy1gauy2gz000j20u00n6wgj.jpg in Resources */,
				27FE7B0F2463A80400A474F4 /* 630584a6gy1gau54zm4dtj20m80dftbv.jpg in Resources */,
				27FE7B372463A80400A474F4 /* bca7fdafly1gax1gqdhouj20c80axaam.jpg in Resources */,
				27FE7B112463A80400A474F4 /* 9dc7402fgy1gavd39ba15j20j60nywii.jpg in Resources */,
				27FE7B102463A80400A474F4 /* c5aa834fgy1gauzr86bp5j20pb0w47in.jpg in Resources */,
				27FE7AFF2463A80400A474F4 /* PostListData_recommend_1.json in Resources */,
				27FE7AF22463A80400A474F4 /* 7f9147a5ly1fzxlh4ovuej20e90fl4fo.jpg in Resources */,
			);
			runOnlyForDeploymentPostprocessing = 0;
		};
/* End PBXResourcesBuildPhase section */

/* Begin PBXSourcesBuildPhase section */
		27FE7A782463A0ED00A474F4 /* Sources */ = {
			isa = PBXSourcesBuildPhase;
			buildActionMask = 2147483647;
			files = (
				92908C412466B7C400C240E9 /* HotVC.swift in Sources */,
				27FE7B412463B85F00A474F4 /* WeiboModel.swift in Sources */,
				27FE7B3E2463B6AB00A474F4 /* UserTitleView.swift in Sources */,
				92908C3924668C6D00C240E9 /* DetailVC.swift in Sources */,
				92908C3E2466B39500C240E9 /* NavigationBarTitle.swift in Sources */,
				27FE7B452463E55600A474F4 /* UserPostView.swift in Sources */,
				928789972465633100586C1B /* UserPostPicture.swift in Sources */,
				27FE7A802463A0ED00A474F4 /* AppDelegate.swift in Sources */,
				27FE7A822463A0ED00A474F4 /* SceneDelegate.swift in Sources */,
				27FE7B492463F8B100A474F4 /* PostCell.swift in Sources */,
				27FE7B3C2463B1CB00A474F4 /* VipView.swift in Sources */,
				92908C3624667E4D00C240E9 /* HomeVC.swift in Sources */,
				27FE7B472463EC6900A474F4 /* UserPostButton.swift in Sources */,
				92908C3C2466AABC00C240E9 /* RecommendVC.swift in Sources */,
			);
			runOnlyForDeploymentPostprocessing = 0;
		};
/* End PBXSourcesBuildPhase section */

/* Begin PBXVariantGroup section */
		27FE7A8A2463A0EE00A474F4 /* LaunchScreen.storyboard */ = {
			isa = PBXVariantGroup;
			children = (
				27FE7A8B2463A0EE00A474F4 /* Base */,
			);
			name = LaunchScreen.storyboard;
			sourceTree = "<group>";
		};
/* End PBXVariantGroup section */

/* Begin XCBuildConfiguration section */
		27FE7A8E2463A0EE00A474F4 /* Debug */ = {
			isa = XCBuildConfiguration;
			buildSettings = {
				ALWAYS_SEARCH_USER_PATHS = NO;
				CLANG_ANALYZER_NONNULL = YES;
				CLANG_ANALYZER_NUMBER_OBJECT_CONVERSION = YES_AGGRESSIVE;
				CLANG_CXX_LANGUAGE_STANDARD = "gnu++14";
				CLANG_CXX_LIBRARY = "libc++";
				CLANG_ENABLE_MODULES = YES;
				CLANG_ENABLE_OBJC_ARC = YES;
				CLANG_ENABLE_OBJC_WEAK = YES;
				CLANG_WARN_BLOCK_CAPTURE_AUTORELEASING = YES;
				CLANG_WARN_BOOL_CONVERSION = YES;
				CLANG_WARN_COMMA = YES;
				CLANG_WARN_CONSTANT_CONVERSION = YES;
				CLANG_WARN_DEPRECATED_OBJC_IMPLEMENTATIONS = YES;
				CLANG_WARN_DIRECT_OBJC_ISA_USAGE = YES_ERROR;
				CLANG_WARN_DOCUMENTATION_COMMENTS = YES;
				CLANG_WARN_EMPTY_BODY = YES;
				CLANG_WARN_ENUM_CONVERSION = YES;
				CLANG_WARN_INFINITE_RECURSION = YES;
				CLANG_WARN_INT_CONVERSION = YES;
				CLANG_WARN_NON_LITERAL_NULL_CONVERSION = YES;
				CLANG_WARN_OBJC_IMPLICIT_RETAIN_SELF = YES;
				CLANG_WARN_OBJC_LITERAL_CONVERSION = YES;
				CLANG_WARN_OBJC_ROOT_CLASS = YES_ERROR;
				CLANG_WARN_RANGE_LOOP_ANALYSIS = YES;
				CLANG_WARN_STRICT_PROTOTYPES = YES;
				CLANG_WARN_SUSPICIOUS_MOVE = YES;
				CLANG_WARN_UNGUARDED_AVAILABILITY = YES_AGGRESSIVE;
				CLANG_WARN_UNREACHABLE_CODE = YES;
				CLANG_WARN__DUPLICATE_METHOD_MATCH = YES;
				COPY_PHASE_STRIP = NO;
				DEBUG_INFORMATION_FORMAT = dwarf;
				ENABLE_STRICT_OBJC_MSGSEND = YES;
				ENABLE_TESTABILITY = YES;
				GCC_C_LANGUAGE_STANDARD = gnu11;
				GCC_DYNAMIC_NO_PIC = NO;
				GCC_NO_COMMON_BLOCKS = YES;
				GCC_OPTIMIZATION_LEVEL = 0;
				GCC_PREPROCESSOR_DEFINITIONS = (
					"DEBUG=1",
					"$(inherited)",
				);
				GCC_WARN_64_TO_32_BIT_CONVERSION = YES;
				GCC_WARN_ABOUT_RETURN_TYPE = YES_ERROR;
				GCC_WARN_UNDECLARED_SELECTOR = YES;
				GCC_WARN_UNINITIALIZED_AUTOS = YES_AGGRESSIVE;
				GCC_WARN_UNUSED_FUNCTION = YES;
				GCC_WARN_UNUSED_VARIABLE = YES;
				IPHONEOS_DEPLOYMENT_TARGET = 13.4;
				MTL_ENABLE_DEBUG_INFO = INCLUDE_SOURCE;
				MTL_FAST_MATH = YES;
				ONLY_ACTIVE_ARCH = YES;
				SDKROOT = iphoneos;
				SWIFT_ACTIVE_COMPILATION_CONDITIONS = DEBUG;
				SWIFT_OPTIMIZATION_LEVEL = "-Onone";
			};
			name = Debug;
		};
		27FE7A8F2463A0EE00A474F4 /* Release */ = {
			isa = XCBuildConfiguration;
			buildSettings = {
				ALWAYS_SEARCH_USER_PATHS = NO;
				CLANG_ANALYZER_NONNULL = YES;
				CLANG_ANALYZER_NUMBER_OBJECT_CONVERSION = YES_AGGRESSIVE;
				CLANG_CXX_LANGUAGE_STANDARD = "gnu++14";
				CLANG_CXX_LIBRARY = "libc++";
				CLANG_ENABLE_MODULES = YES;
				CLANG_ENABLE_OBJC_ARC = YES;
				CLANG_ENABLE_OBJC_WEAK = YES;
				CLANG_WARN_BLOCK_CAPTURE_AUTORELEASING = YES;
				CLANG_WARN_BOOL_CONVERSION = YES;
				CLANG_WARN_COMMA = YES;
				CLANG_WARN_CONSTANT_CONVERSION = YES;
				CLANG_WARN_DEPRECATED_OBJC_IMPLEMENTATIONS = YES;
				CLANG_WARN_DIRECT_OBJC_ISA_USAGE = YES_ERROR;
				CLANG_WARN_DOCUMENTATION_COMMENTS = YES;
				CLANG_WARN_EMPTY_BODY = YES;
				CLANG_WARN_ENUM_CONVERSION = YES;
				CLANG_WARN_INFINITE_RECURSION = YES;
				CLANG_WARN_INT_CONVERSION = YES;
				CLANG_WARN_NON_LITERAL_NULL_CONVERSION = YES;
				CLANG_WARN_OBJC_IMPLICIT_RETAIN_SELF = YES;
				CLANG_WARN_OBJC_LITERAL_CONVERSION = YES;
				CLANG_WARN_OBJC_ROOT_CLASS = YES_ERROR;
				CLANG_WARN_RANGE_LOOP_ANALYSIS = YES;
				CLANG_WARN_STRICT_PROTOTYPES = YES;
				CLANG_WARN_SUSPICIOUS_MOVE = YES;
				CLANG_WARN_UNGUARDED_AVAILABILITY = YES_AGGRESSIVE;
				CLANG_WARN_UNREACHABLE_CODE = YES;
				CLANG_WARN__DUPLICATE_METHOD_MATCH = YES;
				COPY_PHASE_STRIP = NO;
				DEBUG_INFORMATION_FORMAT = "dwarf-with-dsym";
				ENABLE_NS_ASSERTIONS = NO;
				ENABLE_STRICT_OBJC_MSGSEND = YES;
				GCC_C_LANGUAGE_STANDARD = gnu11;
				GCC_NO_COMMON_BLOCKS = YES;
				GCC_WARN_64_TO_32_BIT_CONVERSION = YES;
				GCC_WARN_ABOUT_RETURN_TYPE = YES_ERROR;
				GCC_WARN_UNDECLARED_SELECTOR = YES;
				GCC_WARN_UNINITIALIZED_AUTOS = YES_AGGRESSIVE;
				GCC_WARN_UNUSED_FUNCTION = YES;
				GCC_WARN_UNUSED_VARIABLE = YES;
				IPHONEOS_DEPLOYMENT_TARGET = 13.4;
				MTL_ENABLE_DEBUG_INFO = NO;
				MTL_FAST_MATH = YES;
				SDKROOT = iphoneos;
				SWIFT_COMPILATION_MODE = wholemodule;
				SWIFT_OPTIMIZATION_LEVEL = "-O";
				VALIDATE_PRODUCT = YES;
			};
			name = Release;
		};
		27FE7A912463A0EE00A474F4 /* Debug */ = {
			isa = XCBuildConfiguration;
			buildSettings = {
				ASSETCATALOG_COMPILER_APPICON_NAME = AppIcon;
				CODE_SIGN_STYLE = Automatic;
				DEVELOPMENT_ASSET_PATHS = "\"CoderChenWeiBo/Preview Content\"";
				ENABLE_PREVIEWS = YES;
				INFOPLIST_FILE = CoderChenWeiBo/Info.plist;
				IPHONEOS_DEPLOYMENT_TARGET = 13.4;
				LD_RUNPATH_SEARCH_PATHS = (
					"$(inherited)",
					"@executable_path/Frameworks",
				);
				PRODUCT_BUNDLE_IDENTIFIER = TextCoreMotion.com.CoderChenWeiBo;
				PRODUCT_NAME = "$(TARGET_NAME)";
				SWIFT_VERSION = 5.0;
				TARGETED_DEVICE_FAMILY = 1;
			};
			name = Debug;
		};
		27FE7A922463A0EE00A474F4 /* Release */ = {
			isa = XCBuildConfiguration;
			buildSettings = {
				ASSETCATALOG_COMPILER_APPICON_NAME = AppIcon;
				CODE_SIGN_STYLE = Automatic;
				DEVELOPMENT_ASSET_PATHS = "\"CoderChenWeiBo/Preview Content\"";
				ENABLE_PREVIEWS = YES;
				INFOPLIST_FILE = CoderChenWeiBo/Info.plist;
				IPHONEOS_DEPLOYMENT_TARGET = 13.4;
				LD_RUNPATH_SEARCH_PATHS = (
					"$(inherited)",
					"@executable_path/Frameworks",
				);
				PRODUCT_BUNDLE_IDENTIFIER = TextCoreMotion.com.CoderChenWeiBo;
				PRODUCT_NAME = "$(TARGET_NAME)";
				SWIFT_VERSION = 5.0;
				TARGETED_DEVICE_FAMILY = 1;
			};
			name = Release;
		};
/* End XCBuildConfiguration section */

/* Begin XCConfigurationList section */
		27FE7A772463A0ED00A474F4 /* Build configuration list for PBXProject "CoderChenWeiBo" */ = {
			isa = XCConfigurationList;
			buildConfigurations = (
				27FE7A8E2463A0EE00A474F4 /* Debug */,
				27FE7A8F2463A0EE00A474F4 /* Release */,
			);
			defaultConfigurationIsVisible = 0;
			defaultConfigurationName = Release;
		};
		27FE7A902463A0EE00A474F4 /* Build configuration list for PBXNativeTarget "CoderChenWeiBo" */ = {
			isa = XCConfigurationList;
			buildConfigurations = (
				27FE7A912463A0EE00A474F4 /* Debug */,
				27FE7A922463A0EE00A474F4 /* Release */,
			);
			defaultConfigurationIsVisible = 0;
			defaultConfigurationName = Release;
		};
/* End XCConfigurationList section */
	};
	rootObject = 27FE7A742463A0ED00A474F4 /* Project object */;
}
